// !$*UTF8*$!
{
	archiveVersion = 1;
	classes = {
	};
	objectVersion = 46;
	objects = {

/* Begin PBXBuildFile section */
		A5C958611BB3018E00E187F1 /* prob1.cpp in Sources */ = {isa = PBXBuildFile; fileRef = A5C958601BB3018E00E187F1 /* prob1.cpp */; };
		A5C958691BB301C300E187F1 /* prob2.cpp in Sources */ = {isa = PBXBuildFile; fileRef = A5C958671BB301C300E187F1 /* prob2.cpp */; settings = {ASSET_TAGS = (); }; };
/* End PBXBuildFile section */

/* Begin PBXCopyFilesBuildPhase section */
		A5C9585B1BB3018E00E187F1 /* CopyFiles */ = {
			isa = PBXCopyFilesBuildPhase;
			buildActionMask = 2147483647;
			dstPath = /usr/share/man/man1/;
			dstSubfolderSpec = 0;
			files = (
			);
			runOnlyForDeploymentPostprocessing = 1;
		};
/* End PBXCopyFilesBuildPhase section */

/* Begin PBXFileReference section */
		A5C9585D1BB3018E00E187F1 /* lab2_Eular */ = {isa = PBXFileReference; explicitFileType = "compiled.mach-o.executable"; includeInIndex = 0; path = lab2_Eular; sourceTree = BUILT_PRODUCTS_DIR; };
		A5C958601BB3018E00E187F1 /* prob1.cpp */ = {isa = PBXFileReference; lastKnownFileType = sourcecode.cpp.cpp; path = prob1.cpp; sourceTree = "<group>"; };
		A5C958671BB301C300E187F1 /* prob2.cpp */ = {isa = PBXFileReference; fileEncoding = 4; lastKnownFileType = sourcecode.cpp.cpp; path = prob2.cpp; sourceTree = "<group>"; };
/* End PBXFileReference section */

/* Begin PBXFrameworksBuildPhase section */
		A5C9585A1BB3018E00E187F1 /* Frameworks */ = {
			isa = PBXFrameworksBuildPhase;
			buildActionMask = 2147483647;
			files = (
			);
			runOnlyForDeploymentPostprocessing = 0;
		};
/* End PBXFrameworksBuildPhase section */

/* Begin PBXGroup section */
		A5C958541BB3018E00E187F1 = {
			isa = PBXGroup;
			children = (
				A5C9585F1BB3018E00E187F1 /* lab2_Eular */,
				A5C9585E1BB3018E00E187F1 /* Products */,
			);
			sourceTree = "<group>";
		};
		A5C9585E1BB3018E00E187F1 /* Products */ = {
			isa = PBXGroup;
			children = (
				A5C9585D1BB3018E00E187F1 /* lab2_Eular */,
			);
			name = Products;
			sourceTree = "<group>";
		};
		A5C9585F1BB3018E00E187F1 /* lab2_Eular */ = {
			isa = PBXGroup;
			children = (
				A5C958601BB3018E00E187F1 /* prob1.cpp */,
				A5C958671BB301C300E187F1 /* prob2.cpp */,
			);
			name = lab2_Eular;
			path = lab2_prob1;
			sourceTree = "<group>";
		};
/* End PBXGroup section */

/* Begin PBXNativeTarget section */
		A5C9585C1BB3018E00E187F1 /* lab2_Eular */ = {
			isa = PBXNativeTarget;
			buildConfigurationList = A5C958641BB3018E00E187F1 /* Build configuration list for PBXNativeTarget "lab2_Eular" */;
			buildPhases = (
				A5C958591BB3018E00E187F1 /* Sources */,
				A5C9585A1BB3018E00E187F1 /* Frameworks */,
				A5C9585B1BB3018E00E187F1 /* CopyFiles */,
			);
			buildRules = (
			);
			dependencies = (
			);
			name = lab2_Eular;
			productName = lab2_prob1;
			productReference = A5C9585D1BB3018E00E187F1 /* lab2_Eular */;
			productType = "com.apple.product-type.tool";
		};
/* End PBXNativeTarget section */

/* Begin PBXProject section */
		A5C958551BB3018E00E187F1 /* Project object */ = {
			isa = PBXProject;
			attributes = {
				LastUpgradeCheck = 0700;
				ORGANIZATIONNAME = 152;
				TargetAttributes = {
					A5C9585C1BB3018E00E187F1 = {
						CreatedOnToolsVersion = 7.0;
					};
				};
			};
			buildConfigurationList = A5C958581BB3018E00E187F1 /* Build configuration list for PBXProject "lab2_Eular" */;
			compatibilityVersion = "Xcode 3.2";
			developmentRegion = English;
			hasScannedForEncodings = 0;
			knownRegions = (
				en,
			);
			mainGroup = A5C958541BB3018E00E187F1;
			productRefGroup = A5C9585E1BB3018E00E187F1 /* Products */;
			projectDirPath = "";
			projectRoot = "";
			targets = (
				A5C9585C1BB3018E00E187F1 /* lab2_Eular */,
			);
		};
/* End PBXProject section */

/* Begin PBXSourcesBuildPhase section */
		A5C958591BB3018E00E187F1 /* Sources */ = {
			isa = PBXSourcesBuildPhase;
			buildActionMask = 2147483647;
			files = (
				A5C958611BB3018E00E187F1 /* prob1.cpp in Sources */,
				A5C958691BB301C300E187F1 /* prob2.cpp in Sources */,
			);
			runOnlyForDeploymentPostprocessing = 0;
		};
/* End PBXSourcesBuildPhase section */

/* Begin XCBuildConfiguration section */
		A5C958621BB3018E00E187F1 /* Debug */ = {
			isa = XCBuildConfiguration;
			buildSettings = {
				ALWAYS_SEARCH_USER_PATHS = NO;
				CLANG_CXX_LANGUAGE_STANDARD = "gnu++0x";
				CLANG_CXX_LIBRARY = "libc++";
				CLANG_ENABLE_MODULES = YES;
				CLANG_ENABLE_OBJC_ARC = YES;
				CLANG_WARN_BOOL_CONVERSION = YES;
				CLANG_WARN_CONSTANT_CONVERSION = YES;
				CLANG_WARN_DIRECT_OBJC_ISA_USAGE = YES_ERROR;
				CLANG_WARN_EMPTY_BODY = YES;
				CLANG_WARN_ENUM_CONVERSION = YES;
				CLANG_WARN_INT_CONVERSION = YES;
				CLANG_WARN_OBJC_ROOT_CLASS = YES_ERROR;
				CLANG_WARN_UNREACHABLE_CODE = YES;
				CLANG_WARN__DUPLICATE_METHOD_MATCH = YES;
				COPY_PHASE_STRIP = NO;
				DEBUG_INFORMATION_FORMAT = dwarf;
				ENABLE_STRICT_OBJC_MSGSEND = YES;
				ENABLE_TESTABILITY = YES;
				GCC_C_LANGUAGE_STANDARD = gnu99;
				GCC_DYNAMIC_NO_PIC = NO;
				GCC_NO_COMMON_BLOCKS = YES;
				GCC_OPTIMIZATION_LEVEL = 0;
				GCC_PREPROCESSOR_DEFINITIONS = (
					"DEBUG=1",
					"$(inherited)",
				);
				GCC_WARN_64_TO_32_BIT_CONVERSION = YES;
				GCC_WARN_ABOUT_RETURN_TYPE = YES_ERROR;
				GCC_WARN_UNDECLARED_SELECTOR = YES;
				GCC_WARN_UNINITIALIZED_AUTOS = YES_AGGRESSIVE;
				GCC_WARN_UNUSED_FUNCTION = YES;
				GCC_WARN_UNUSED_VARIABLE = YES;
				MACOSX_DEPLOYMENT_TARGET = 10.10;
				MTL_ENABLE_DEBUG_INFO = YES;
				ONLY_ACTIVE_ARCH = YES;
				SDKROOT = macosx;
			};
			name = Debug;
		};
		A5C958631BB3018E00E187F1 /* Release */ = {
			isa = XCBuildConfiguration;
			buildSettings = {
				ALWAYS_SEARCH_USER_PATHS = NO;
				CLANG_CXX_LANGUAGE_STANDARD = "gnu++0x";
				CLANG_CXX_LIBRARY = "libc++";
				CLANG_ENABLE_MODULES = YES;
				CLANG_ENABLE_OBJC_ARC = YES;
				CLANG_WARN_BOOL_CONVERSION = YES;
				CLANG_WARN_CONSTANT_CONVERSION = YES;
				CLANG_WARN_DIRECT_OBJC_ISA_USAGE = YES_ERROR;
				CLANG_WARN_EMPTY_BODY = YES;
				CLANG_WARN_ENUM_CONVERSION = YES;
				CLANG_WARN_INT_CONVERSION = YES;
				CLANG_WARN_OBJC_ROOT_CLASS = YES_ERROR;
				CLANG_WARN_UNREACHABLE_CODE = YES;
				CLANG_WARN__DUPLICATE_METHOD_MATCH = YES;
				COPY_PHASE_STRIP = NO;
				DEBUG_INFORMATION_FORMAT = "dwarf-with-dsym";
				ENABLE_NS_ASSERTIONS = NO;
				ENABLE_STRICT_OBJC_MSGSEND = YES;
				GCC_C_LANGUAGE_STANDARD = gnu99;
				GCC_NO_COMMON_BLOCKS = YES;
				GCC_WARN_64_TO_32_BIT_CONVERSION = YES;
				GCC_WARN_ABOUT_RETURN_TYPE = YES_ERROR;
				GCC_WARN_UNDECLARED_SELECTOR = YES;
				GCC_WARN_UNINITIALIZED_AUTOS = YES_AGGRESSIVE;
				GCC_WARN_UNUSED_FUNCTION = YES;
				GCC_WARN_UNUSED_VARIABLE = YES;
				MACOSX_DEPLOYMENT_TARGET = 10.10;
				MTL_ENABLE_DEBUG_INFO = NO;
				SDKROOT = macosx;
			};
			name = Release;
		};
		A5C958651BB3018E00E187F1 /* Debug */ = {
			isa = XCBuildConfiguration;
			buildSettings = {
				PRODUCT_NAME = lab2_Eular;
			};
			name = Debug;
		};
		A5C958661BB3018E00E187F1 /* Release */ = {
			isa = XCBuildConfiguration;
			buildSettings = {
				PRODUCT_NAME = lab2_Eular;
			};
			name = Release;
		};
/* End XCBuildConfiguration section */

/* Begin XCConfigurationList section */
		A5C958581BB3018E00E187F1 /* Build configuration list for PBXProject "lab2_Eular" */ = {
			isa = XCConfigurationList;
			buildConfigurations = (
				A5C958621BB3018E00E187F1 /* Debug */,
				A5C958631BB3018E00E187F1 /* Release */,
			);
			defaultConfigurationIsVisible = 0;
			defaultConfigurationName = Release;
		};
		A5C958641BB3018E00E187F1 /* Build configuration list for PBXNativeTarget "lab2_Eular" */ = {
			isa = XCConfigurationList;
			buildConfigurations = (
				A5C958651BB3018E00E187F1 /* Debug */,
				A5C958661BB3018E00E187F1 /* Release */,
			);
			defaultConfigurationIsVisible = 0;
		};
/* End XCConfigurationList section */
	};
	rootObject = A5C958551BB3018E00E187F1 /* Project object */;
}
